
Microsoft Visual Studio Solution File, Format Version 12.00
# Visual Studio Version 17
VisualStudioVersion = 17.1.32328.378
MinimumVisualStudioVersion = 10.0.40219.1
Project("{FAE04EC0-301F-11D3-BF4B-00C04F79EFBC}") = "1-sintaxe", "sintaxe\1-sintaxe.csproj", "{BDE7CE46-6EF2-404F-A910-30187C266A08}"
EndProject
Project("{FAE04EC0-301F-11D3-BF4B-00C04F79EFBC}") = "2.1-variaveis", "variaveis\2.1-variaveis.csproj", "{231B086B-FC52-4653-BD6B-2DBDE66203E6}"
EndProject
Project("{FAE04EC0-301F-11D3-BF4B-00C04F79EFBC}") = "2.2-variaveis", "variaveis_\2.2-variaveis.csproj", "{5D236AA2-32CF-45D0-BD35-C4077F271DB6}"
EndProject
Project("{FAE04EC0-301F-11D3-BF4B-00C04F79EFBC}") = "3 -operadores", "operadores\3 -operadores.csproj", "{227788C3-14F2-4E9B-96B4-0E95017E366E}"
EndProject
Project("{FAE04EC0-301F-11D3-BF4B-00C04F79EFBC}") = "4.1-estrutura_decisao", "estrutura_decisao\4.1-estrutura_decisao.csproj", "{4EA92A27-4391-4D1B-8E8D-AB8E26F89389}"
EndProject
Project("{FAE04EC0-301F-11D3-BF4B-00C04F79EFBC}") = "4.4-estrutura_decisao_switch", "estrutura_decisao_switch\4.4-estrutura_decisao_switch.csproj", "{9CD2C94A-C73F-44DE-B62A-D0EB87D3AE74}"
EndProject
Project("{FAE04EC0-301F-11D3-BF4B-00C04F79EFBC}") = "2.3-object_Random_variavel", "object_Rondom\2.3-object_Random_variavel.csproj", "{009CA661-8E04-401B-B7F7-12A9AC4D54E3}"
EndProject
Project("{FAE04EC0-301F-11D3-BF4B-00C04F79EFBC}") = "4.2-objet_Random_estrutura_decisao", "objet_Random_estrutura_decisao\4.2-objet_Random_estrutura_decisao.csproj", "{85DBE4EF-4703-432B-93E1-7F937478ADBB}"
EndProject
Project("{FAE04EC0-301F-11D3-BF4B-00C04F79EFBC}") = "4.3-obj_Random-est-cond", "obj_Random-est-cond\4.3-obj_Random-est-cond.csproj", "{79119296-85D0-446A-9A73-20AF985F0AF7}"
EndProject
Project("{FAE04EC0-301F-11D3-BF4B-00C04F79EFBC}") = "5.0-estrutura_repeticao", "estrutura_repeticao\5.0-estrutura_repeticao.csproj", "{7EB73741-9DBA-4591-BFB4-1E59B01C0613}"
EndProject
Project("{FAE04EC0-301F-11D3-BF4B-00C04F79EFBC}") = "5.1-estrutura_repeticao", "estrutura_repeticao_\5.1-estrutura_repeticao.csproj", "{8347E347-C03E-49A4-92E8-3349BABE2FD1}"
EndProject
Global
	GlobalSection(SolutionConfigurationPlatforms) = preSolution
		Debug|Any CPU = Debug|Any CPU
		Release|Any CPU = Release|Any CPU
	EndGlobalSection
	GlobalSection(ProjectConfigurationPlatforms) = postSolution
		{BDE7CE46-6EF2-404F-A910-30187C266A08}.Debug|Any CPU.ActiveCfg = Debug|Any CPU
		{BDE7CE46-6EF2-404F-A910-30187C266A08}.Debug|Any CPU.Build.0 = Debug|Any CPU
		{BDE7CE46-6EF2-404F-A910-30187C266A08}.Release|Any CPU.ActiveCfg = Release|Any CPU
		{BDE7CE46-6EF2-404F-A910-30187C266A08}.Release|Any CPU.Build.0 = Release|Any CPU
		{231B086B-FC52-4653-BD6B-2DBDE66203E6}.Debug|Any CPU.ActiveCfg = Debug|Any CPU
		{231B086B-FC52-4653-BD6B-2DBDE66203E6}.Debug|Any CPU.Build.0 = Debug|Any CPU
		{231B086B-FC52-4653-BD6B-2DBDE66203E6}.Release|Any CPU.ActiveCfg = Release|Any CPU
		{231B086B-FC52-4653-BD6B-2DBDE66203E6}.Release|Any CPU.Build.0 = Release|Any CPU
		{5D236AA2-32CF-45D0-BD35-C4077F271DB6}.Debug|Any CPU.ActiveCfg = Debug|Any CPU
		{5D236AA2-32CF-45D0-BD35-C4077F271DB6}.Debug|Any CPU.Build.0 = Debug|Any CPU
		{5D236AA2-32CF-45D0-BD35-C4077F271DB6}.Release|Any CPU.ActiveCfg = Release|Any CPU
		{5D236AA2-32CF-45D0-BD35-C4077F271DB6}.Release|Any CPU.Build.0 = Release|Any CPU
		{227788C3-14F2-4E9B-96B4-0E95017E366E}.Debug|Any CPU.ActiveCfg = Debug|Any CPU
		{227788C3-14F2-4E9B-96B4-0E95017E366E}.Debug|Any CPU.Build.0 = Debug|Any CPU
		{227788C3-14F2-4E9B-96B4-0E95017E366E}.Release|Any CPU.ActiveCfg = Release|Any CPU
		{227788C3-14F2-4E9B-96B4-0E95017E366E}.Release|Any CPU.Build.0 = Release|Any CPU
		{4EA92A27-4391-4D1B-8E8D-AB8E26F89389}.Debug|Any CPU.ActiveCfg = Debug|Any CPU
		{4EA92A27-4391-4D1B-8E8D-AB8E26F89389}.Debug|Any CPU.Build.0 = Debug|Any CPU
		{4EA92A27-4391-4D1B-8E8D-AB8E26F89389}.Release|Any CPU.ActiveCfg = Release|Any CPU
		{4EA92A27-4391-4D1B-8E8D-AB8E26F89389}.Release|Any CPU.Build.0 = Release|Any CPU
		{9CD2C94A-C73F-44DE-B62A-D0EB87D3AE74}.Debug|Any CPU.ActiveCfg = Debug|Any CPU
		{9CD2C94A-C73F-44DE-B62A-D0EB87D3AE74}.Debug|Any CPU.Build.0 = Debug|Any CPU
		{9CD2C94A-C73F-44DE-B62A-D0EB87D3AE74}.Release|Any CPU.ActiveCfg = Release|Any CPU
		{9CD2C94A-C73F-44DE-B62A-D0EB87D3AE74}.Release|Any CPU.Build.0 = Release|Any CPU
		{009CA661-8E04-401B-B7F7-12A9AC4D54E3}.Debug|Any CPU.ActiveCfg = Debug|Any CPU
		{009CA661-8E04-401B-B7F7-12A9AC4D54E3}.Debug|Any CPU.Build.0 = Debug|Any CPU
		{009CA661-8E04-401B-B7F7-12A9AC4D54E3}.Release|Any CPU.ActiveCfg = Release|Any CPU
		{009CA661-8E04-401B-B7F7-12A9AC4D54E3}.Release|Any CPU.Build.0 = Release|Any CPU
		{85DBE4EF-4703-432B-93E1-7F937478ADBB}.Debug|Any CPU.ActiveCfg = Debug|Any CPU
		{85DBE4EF-4703-432B-93E1-7F937478ADBB}.Debug|Any CPU.Build.0 = Debug|Any CPU
		{85DBE4EF-4703-432B-93E1-7F937478ADBB}.Release|Any CPU.ActiveCfg = Release|Any CPU
		{85DBE4EF-4703-432B-93E1-7F937478ADBB}.Release|Any CPU.Build.0 = Release|Any CPU
		{79119296-85D0-446A-9A73-20AF985F0AF7}.Debug|Any CPU.ActiveCfg = Debug|Any CPU
		{79119296-85D0-446A-9A73-20AF985F0AF7}.Debug|Any CPU.Build.0 = Debug|Any CPU
		{79119296-85D0-446A-9A73-20AF985F0AF7}.Release|Any CPU.ActiveCfg = Release|Any CPU
		{79119296-85D0-446A-9A73-20AF985F0AF7}.Release|Any CPU.Build.0 = Release|Any CPU
		{7EB73741-9DBA-4591-BFB4-1E59B01C0613}.Debug|Any CPU.ActiveCfg = Debug|Any CPU
		{7EB73741-9DBA-4591-BFB4-1E59B01C0613}.Debug|Any CPU.Build.0 = Debug|Any CPU
		{7EB73741-9DBA-4591-BFB4-1E59B01C0613}.Release|Any CPU.ActiveCfg = Release|Any CPU
		{7EB73741-9DBA-4591-BFB4-1E59B01C0613}.Release|Any CPU.Build.0 = Release|Any CPU
		{8347E347-C03E-49A4-92E8-3349BABE2FD1}.Debug|Any CPU.ActiveCfg = Debug|Any CPU
		{8347E347-C03E-49A4-92E8-3349BABE2FD1}.Debug|Any CPU.Build.0 = Debug|Any CPU
		{8347E347-C03E-49A4-92E8-3349BABE2FD1}.Release|Any CPU.ActiveCfg = Release|Any CPU
		{8347E347-C03E-49A4-92E8-3349BABE2FD1}.Release|Any CPU.Build.0 = Release|Any CPU
	EndGlobalSection
	GlobalSection(SolutionProperties) = preSolution
		HideSolutionNode = FALSE
	EndGlobalSection
	GlobalSection(ExtensibilityGlobals) = postSolution
		SolutionGuid = {B6EA4864-2471-48AC-A4F4-0501070F32E8}
	EndGlobalSection
EndGlobal
