
Microsoft Visual Studio Solution File, Format Version 12.00
# Visual Studio Version 17
VisualStudioVersion = 17.1.32421.90
MinimumVisualStudioVersion = 10.0.40219.1
Project("{FAE04EC0-301F-11D3-BF4B-00C04F79EFBC}") = "1-sintaxe", "sintaxe\1-sintaxe.csproj", "{BDE7CE46-6EF2-404F-A910-30187C266A08}"
EndProject
Project("{FAE04EC0-301F-11D3-BF4B-00C04F79EFBC}") = "2.1-variaveis", "variaveis\2.1-variaveis.csproj", "{231B086B-FC52-4653-BD6B-2DBDE66203E6}"
EndProject
Project("{FAE04EC0-301F-11D3-BF4B-00C04F79EFBC}") = "2.2-variaveis", "variaveis_\2.2-variaveis.csproj", "{5D236AA2-32CF-45D0-BD35-C4077F271DB6}"
EndProject
Project("{FAE04EC0-301F-11D3-BF4B-00C04F79EFBC}") = "3 -operadores", "operadores\3 -operadores.csproj", "{227788C3-14F2-4E9B-96B4-0E95017E366E}"
EndProject
Project("{FAE04EC0-301F-11D3-BF4B-00C04F79EFBC}") = "4.1-estrutura_decisao", "estrutura_decisao\4.1-estrutura_decisao.csproj", "{4EA92A27-4391-4D1B-8E8D-AB8E26F89389}"
EndProject
Project("{FAE04EC0-301F-11D3-BF4B-00C04F79EFBC}") = "4.4-estrutura_decisao_switch", "estrutura_decisao_switch\4.4-estrutura_decisao_switch.csproj", "{9CD2C94A-C73F-44DE-B62A-D0EB87D3AE74}"
EndProject
Project("{FAE04EC0-301F-11D3-BF4B-00C04F79EFBC}") = "2.3-object_Random_variavel", "object_Rondom\2.3-object_Random_variavel.csproj", "{009CA661-8E04-401B-B7F7-12A9AC4D54E3}"
EndProject
Project("{FAE04EC0-301F-11D3-BF4B-00C04F79EFBC}") = "4.2-objet_Random_estrutura_decisao", "objet_Random_estrutura_decisao\4.2-objet_Random_estrutura_decisao.csproj", "{85DBE4EF-4703-432B-93E1-7F937478ADBB}"
EndProject
Project("{FAE04EC0-301F-11D3-BF4B-00C04F79EFBC}") = "4.3-obj_Random-est-cond", "obj_Random-est-cond\4.3-obj_Random-est-cond.csproj", "{79119296-85D0-446A-9A73-20AF985F0AF7}"
EndProject
Project("{FAE04EC0-301F-11D3-BF4B-00C04F79EFBC}") = "5.0-estrutura_repeticao", "estrutura_repeticao\5.0-estrutura_repeticao.csproj", "{7EB73741-9DBA-4591-BFB4-1E59B01C0613}"
EndProject
Project("{FAE04EC0-301F-11D3-BF4B-00C04F79EFBC}") = "5.1-estrutura_repeticao", "estrutura_repeticao_\5.1-estrutura_repeticao.csproj", "{8347E347-C03E-49A4-92E8-3349BABE2FD1}"
EndProject
Project("{FAE04EC0-301F-11D3-BF4B-00C04F79EFBC}") = "5.2-estrtut_repeticao", "estrtut_repeticao\5.2-estrtut_repeticao.csproj", "{823A3473-5C1B-4FCF-BF55-D90A7908DC5B}"
EndProject
Project("{FAE04EC0-301F-11D3-BF4B-00C04F79EFBC}") = "5.3-jogo_advinha numero_estrut_repet_", "jogo_advinha numero_estrut_repet_\5.3-jogo_advinha numero_estrut_repet_.csproj", "{06F081A7-FEF9-4D81-8A44-705D45EC5C8C}"
EndProject
Project("{FAE04EC0-301F-11D3-BF4B-00C04F79EFBC}") = "5.4-jogo_advinhar_2_estrrepet", "jogo_advinhar_2_estrrepet\5.4-jogo_advinhar_2_estrrepet.csproj", "{26309833-4247-4333-AACB-68BC30B96CF0}"
EndProject
Project("{FAE04EC0-301F-11D3-BF4B-00C04F79EFBC}") = "5.5-chaveeuromilgoes_estr. repetcao", "chaveeuromilgoes\5.5-chaveeuromilgoes_estr. repetcao.csproj", "{3DF3CD18-25A8-4675-BC83-7C929C610417}"
EndProject
Project("{FAE04EC0-301F-11D3-BF4B-00C04F79EFBC}") = "5.6- notaformando", "notaformando\5.6- notaformando.csproj", "{C385B98C-D178-44A9-98AF-86F14CEAF5C4}"
EndProject
Project("{FAE04EC0-301F-11D3-BF4B-00C04F79EFBC}") = "5.7-while_for_est-repeticao", "while_for_est-repeticao\5.7-while_for_est-repeticao.csproj", "{C2642695-EC5B-4907-8EB3-38E8AC8C9F5A}"
EndProject
Project("{FAE04EC0-301F-11D3-BF4B-00C04F79EFBC}") = "5.8-estrut_rep_dowhile", "estrut_rep_dowhile\5.8-estrut_rep_dowhile.csproj", "{D3CB9683-6AD0-4EE6-A216-1D5EE503E685}"
EndProject
Project("{FAE04EC0-301F-11D3-BF4B-00C04F79EFBC}") = "6.0-exercicio1", "exercicio1\6.0-exercicio1.csproj", "{001CC06A-C40B-4C0C-B729-E5F4F3A4A848}"
EndProject
Project("{FAE04EC0-301F-11D3-BF4B-00C04F79EFBC}") = "6.1-exercicio2", "exercicio2\6.1-exercicio2.csproj", "{F5D86E37-D6D6-448B-ABCF-DB4CF69F7AE6}"
EndProject
Project("{FAE04EC0-301F-11D3-BF4B-00C04F79EFBC}") = "6.2.2-exercicio3", "exercicio3\6.2.2-exercicio3.csproj", "{5298D9E0-B9D7-490B-93F5-C323B17E5C99}"
EndProject
Project("{FAE04EC0-301F-11D3-BF4B-00C04F79EFBC}") = "6.2.3-exercicio3_1", "exercicio3_1\6.2.3-exercicio3_1.csproj", "{E2E86852-9E8D-45E6-835D-EB1523F7DE0C}"
EndProject
Project("{FAE04EC0-301F-11D3-BF4B-00C04F79EFBC}") = "7.0-funcoes", "funcoes\7.0-funcoes.csproj", "{F384A5E6-3AA9-4C39-A9FB-E54F788BB33D}"
EndProject
Project("{FAE04EC0-301F-11D3-BF4B-00C04F79EFBC}") = "7.1-ex_funcao_", "ex_funcao_\7.1-ex_funcao_.csproj", "{C5ED51E2-2596-477B-8EEF-19AA439B2AD0}"
EndProject
Project("{FAE04EC0-301F-11D3-BF4B-00C04F79EFBC}") = "7.2-exerc._salriobruto_funçoes", "exerc._salriobruto_funçoes\7.2-exerc._salriobruto_funçoes.csproj", "{849B9B4A-FA7F-4141-8B6B-C34588B828C8}"
EndProject
Project("{FAE04EC0-301F-11D3-BF4B-00C04F79EFBC}") = "8.0-arrays", "arrays\8.0-arrays.csproj", "{3A21C6A8-1537-407F-9596-EBF205961E0D}"
EndProject
Project("{FAE04EC0-301F-11D3-BF4B-00C04F79EFBC}") = "8.1-arrays_ex1", "arrays_ex1\8.1-arrays_ex1.csproj", "{EE260715-7A6F-4A86-A4B7-DC306F59559D}"
EndProject
Global
	GlobalSection(SolutionConfigurationPlatforms) = preSolution
		Debug|Any CPU = Debug|Any CPU
		Release|Any CPU = Release|Any CPU
	EndGlobalSection
	GlobalSection(ProjectConfigurationPlatforms) = postSolution
		{BDE7CE46-6EF2-404F-A910-30187C266A08}.Debug|Any CPU.ActiveCfg = Debug|Any CPU
		{BDE7CE46-6EF2-404F-A910-30187C266A08}.Debug|Any CPU.Build.0 = Debug|Any CPU
		{BDE7CE46-6EF2-404F-A910-30187C266A08}.Release|Any CPU.ActiveCfg = Release|Any CPU
		{BDE7CE46-6EF2-404F-A910-30187C266A08}.Release|Any CPU.Build.0 = Release|Any CPU
		{231B086B-FC52-4653-BD6B-2DBDE66203E6}.Debug|Any CPU.ActiveCfg = Debug|Any CPU
		{231B086B-FC52-4653-BD6B-2DBDE66203E6}.Debug|Any CPU.Build.0 = Debug|Any CPU
		{231B086B-FC52-4653-BD6B-2DBDE66203E6}.Release|Any CPU.ActiveCfg = Release|Any CPU
		{231B086B-FC52-4653-BD6B-2DBDE66203E6}.Release|Any CPU.Build.0 = Release|Any CPU
		{5D236AA2-32CF-45D0-BD35-C4077F271DB6}.Debug|Any CPU.ActiveCfg = Debug|Any CPU
		{5D236AA2-32CF-45D0-BD35-C4077F271DB6}.Debug|Any CPU.Build.0 = Debug|Any CPU
		{5D236AA2-32CF-45D0-BD35-C4077F271DB6}.Release|Any CPU.ActiveCfg = Release|Any CPU
		{5D236AA2-32CF-45D0-BD35-C4077F271DB6}.Release|Any CPU.Build.0 = Release|Any CPU
		{227788C3-14F2-4E9B-96B4-0E95017E366E}.Debug|Any CPU.ActiveCfg = Debug|Any CPU
		{227788C3-14F2-4E9B-96B4-0E95017E366E}.Debug|Any CPU.Build.0 = Debug|Any CPU
		{227788C3-14F2-4E9B-96B4-0E95017E366E}.Release|Any CPU.ActiveCfg = Release|Any CPU
		{227788C3-14F2-4E9B-96B4-0E95017E366E}.Release|Any CPU.Build.0 = Release|Any CPU
		{4EA92A27-4391-4D1B-8E8D-AB8E26F89389}.Debug|Any CPU.ActiveCfg = Debug|Any CPU
		{4EA92A27-4391-4D1B-8E8D-AB8E26F89389}.Debug|Any CPU.Build.0 = Debug|Any CPU
		{4EA92A27-4391-4D1B-8E8D-AB8E26F89389}.Release|Any CPU.ActiveCfg = Release|Any CPU
		{4EA92A27-4391-4D1B-8E8D-AB8E26F89389}.Release|Any CPU.Build.0 = Release|Any CPU
		{9CD2C94A-C73F-44DE-B62A-D0EB87D3AE74}.Debug|Any CPU.ActiveCfg = Debug|Any CPU
		{9CD2C94A-C73F-44DE-B62A-D0EB87D3AE74}.Debug|Any CPU.Build.0 = Debug|Any CPU
		{9CD2C94A-C73F-44DE-B62A-D0EB87D3AE74}.Release|Any CPU.ActiveCfg = Release|Any CPU
		{9CD2C94A-C73F-44DE-B62A-D0EB87D3AE74}.Release|Any CPU.Build.0 = Release|Any CPU
		{009CA661-8E04-401B-B7F7-12A9AC4D54E3}.Debug|Any CPU.ActiveCfg = Debug|Any CPU
		{009CA661-8E04-401B-B7F7-12A9AC4D54E3}.Debug|Any CPU.Build.0 = Debug|Any CPU
		{009CA661-8E04-401B-B7F7-12A9AC4D54E3}.Release|Any CPU.ActiveCfg = Release|Any CPU
		{009CA661-8E04-401B-B7F7-12A9AC4D54E3}.Release|Any CPU.Build.0 = Release|Any CPU
		{85DBE4EF-4703-432B-93E1-7F937478ADBB}.Debug|Any CPU.ActiveCfg = Debug|Any CPU
		{85DBE4EF-4703-432B-93E1-7F937478ADBB}.Debug|Any CPU.Build.0 = Debug|Any CPU
		{85DBE4EF-4703-432B-93E1-7F937478ADBB}.Release|Any CPU.ActiveCfg = Release|Any CPU
		{85DBE4EF-4703-432B-93E1-7F937478ADBB}.Release|Any CPU.Build.0 = Release|Any CPU
		{79119296-85D0-446A-9A73-20AF985F0AF7}.Debug|Any CPU.ActiveCfg = Debug|Any CPU
		{79119296-85D0-446A-9A73-20AF985F0AF7}.Debug|Any CPU.Build.0 = Debug|Any CPU
		{79119296-85D0-446A-9A73-20AF985F0AF7}.Release|Any CPU.ActiveCfg = Release|Any CPU
		{79119296-85D0-446A-9A73-20AF985F0AF7}.Release|Any CPU.Build.0 = Release|Any CPU
		{7EB73741-9DBA-4591-BFB4-1E59B01C0613}.Debug|Any CPU.ActiveCfg = Debug|Any CPU
		{7EB73741-9DBA-4591-BFB4-1E59B01C0613}.Debug|Any CPU.Build.0 = Debug|Any CPU
		{7EB73741-9DBA-4591-BFB4-1E59B01C0613}.Release|Any CPU.ActiveCfg = Release|Any CPU
		{7EB73741-9DBA-4591-BFB4-1E59B01C0613}.Release|Any CPU.Build.0 = Release|Any CPU
		{8347E347-C03E-49A4-92E8-3349BABE2FD1}.Debug|Any CPU.ActiveCfg = Debug|Any CPU
		{8347E347-C03E-49A4-92E8-3349BABE2FD1}.Debug|Any CPU.Build.0 = Debug|Any CPU
		{8347E347-C03E-49A4-92E8-3349BABE2FD1}.Release|Any CPU.ActiveCfg = Release|Any CPU
		{8347E347-C03E-49A4-92E8-3349BABE2FD1}.Release|Any CPU.Build.0 = Release|Any CPU
		{823A3473-5C1B-4FCF-BF55-D90A7908DC5B}.Debug|Any CPU.ActiveCfg = Debug|Any CPU
		{823A3473-5C1B-4FCF-BF55-D90A7908DC5B}.Debug|Any CPU.Build.0 = Debug|Any CPU
		{823A3473-5C1B-4FCF-BF55-D90A7908DC5B}.Release|Any CPU.ActiveCfg = Release|Any CPU
		{823A3473-5C1B-4FCF-BF55-D90A7908DC5B}.Release|Any CPU.Build.0 = Release|Any CPU
		{06F081A7-FEF9-4D81-8A44-705D45EC5C8C}.Debug|Any CPU.ActiveCfg = Debug|Any CPU
		{06F081A7-FEF9-4D81-8A44-705D45EC5C8C}.Debug|Any CPU.Build.0 = Debug|Any CPU
		{06F081A7-FEF9-4D81-8A44-705D45EC5C8C}.Release|Any CPU.ActiveCfg = Release|Any CPU
		{06F081A7-FEF9-4D81-8A44-705D45EC5C8C}.Release|Any CPU.Build.0 = Release|Any CPU
		{26309833-4247-4333-AACB-68BC30B96CF0}.Debug|Any CPU.ActiveCfg = Debug|Any CPU
		{26309833-4247-4333-AACB-68BC30B96CF0}.Debug|Any CPU.Build.0 = Debug|Any CPU
		{26309833-4247-4333-AACB-68BC30B96CF0}.Release|Any CPU.ActiveCfg = Release|Any CPU
		{26309833-4247-4333-AACB-68BC30B96CF0}.Release|Any CPU.Build.0 = Release|Any CPU
		{3DF3CD18-25A8-4675-BC83-7C929C610417}.Debug|Any CPU.ActiveCfg = Debug|Any CPU
		{3DF3CD18-25A8-4675-BC83-7C929C610417}.Debug|Any CPU.Build.0 = Debug|Any CPU
		{3DF3CD18-25A8-4675-BC83-7C929C610417}.Release|Any CPU.ActiveCfg = Release|Any CPU
		{3DF3CD18-25A8-4675-BC83-7C929C610417}.Release|Any CPU.Build.0 = Release|Any CPU
		{C385B98C-D178-44A9-98AF-86F14CEAF5C4}.Debug|Any CPU.ActiveCfg = Debug|Any CPU
		{C385B98C-D178-44A9-98AF-86F14CEAF5C4}.Debug|Any CPU.Build.0 = Debug|Any CPU
		{C385B98C-D178-44A9-98AF-86F14CEAF5C4}.Release|Any CPU.ActiveCfg = Release|Any CPU
		{C385B98C-D178-44A9-98AF-86F14CEAF5C4}.Release|Any CPU.Build.0 = Release|Any CPU
		{C2642695-EC5B-4907-8EB3-38E8AC8C9F5A}.Debug|Any CPU.ActiveCfg = Debug|Any CPU
		{C2642695-EC5B-4907-8EB3-38E8AC8C9F5A}.Debug|Any CPU.Build.0 = Debug|Any CPU
		{C2642695-EC5B-4907-8EB3-38E8AC8C9F5A}.Release|Any CPU.ActiveCfg = Release|Any CPU
		{C2642695-EC5B-4907-8EB3-38E8AC8C9F5A}.Release|Any CPU.Build.0 = Release|Any CPU
		{D3CB9683-6AD0-4EE6-A216-1D5EE503E685}.Debug|Any CPU.ActiveCfg = Debug|Any CPU
		{D3CB9683-6AD0-4EE6-A216-1D5EE503E685}.Debug|Any CPU.Build.0 = Debug|Any CPU
		{D3CB9683-6AD0-4EE6-A216-1D5EE503E685}.Release|Any CPU.ActiveCfg = Release|Any CPU
		{D3CB9683-6AD0-4EE6-A216-1D5EE503E685}.Release|Any CPU.Build.0 = Release|Any CPU
		{001CC06A-C40B-4C0C-B729-E5F4F3A4A848}.Debug|Any CPU.ActiveCfg = Debug|Any CPU
		{001CC06A-C40B-4C0C-B729-E5F4F3A4A848}.Debug|Any CPU.Build.0 = Debug|Any CPU
		{001CC06A-C40B-4C0C-B729-E5F4F3A4A848}.Release|Any CPU.ActiveCfg = Release|Any CPU
		{001CC06A-C40B-4C0C-B729-E5F4F3A4A848}.Release|Any CPU.Build.0 = Release|Any CPU
		{F5D86E37-D6D6-448B-ABCF-DB4CF69F7AE6}.Debug|Any CPU.ActiveCfg = Debug|Any CPU
		{F5D86E37-D6D6-448B-ABCF-DB4CF69F7AE6}.Debug|Any CPU.Build.0 = Debug|Any CPU
		{F5D86E37-D6D6-448B-ABCF-DB4CF69F7AE6}.Release|Any CPU.ActiveCfg = Release|Any CPU
		{F5D86E37-D6D6-448B-ABCF-DB4CF69F7AE6}.Release|Any CPU.Build.0 = Release|Any CPU
		{5298D9E0-B9D7-490B-93F5-C323B17E5C99}.Debug|Any CPU.ActiveCfg = Debug|Any CPU
		{5298D9E0-B9D7-490B-93F5-C323B17E5C99}.Debug|Any CPU.Build.0 = Debug|Any CPU
		{5298D9E0-B9D7-490B-93F5-C323B17E5C99}.Release|Any CPU.ActiveCfg = Release|Any CPU
		{5298D9E0-B9D7-490B-93F5-C323B17E5C99}.Release|Any CPU.Build.0 = Release|Any CPU
		{E2E86852-9E8D-45E6-835D-EB1523F7DE0C}.Debug|Any CPU.ActiveCfg = Debug|Any CPU
		{E2E86852-9E8D-45E6-835D-EB1523F7DE0C}.Debug|Any CPU.Build.0 = Debug|Any CPU
		{E2E86852-9E8D-45E6-835D-EB1523F7DE0C}.Release|Any CPU.ActiveCfg = Release|Any CPU
		{E2E86852-9E8D-45E6-835D-EB1523F7DE0C}.Release|Any CPU.Build.0 = Release|Any CPU
		{F384A5E6-3AA9-4C39-A9FB-E54F788BB33D}.Debug|Any CPU.ActiveCfg = Debug|Any CPU
		{F384A5E6-3AA9-4C39-A9FB-E54F788BB33D}.Debug|Any CPU.Build.0 = Debug|Any CPU
		{F384A5E6-3AA9-4C39-A9FB-E54F788BB33D}.Release|Any CPU.ActiveCfg = Release|Any CPU
		{F384A5E6-3AA9-4C39-A9FB-E54F788BB33D}.Release|Any CPU.Build.0 = Release|Any CPU
		{C5ED51E2-2596-477B-8EEF-19AA439B2AD0}.Debug|Any CPU.ActiveCfg = Debug|Any CPU
		{C5ED51E2-2596-477B-8EEF-19AA439B2AD0}.Debug|Any CPU.Build.0 = Debug|Any CPU
		{C5ED51E2-2596-477B-8EEF-19AA439B2AD0}.Release|Any CPU.ActiveCfg = Release|Any CPU
		{C5ED51E2-2596-477B-8EEF-19AA439B2AD0}.Release|Any CPU.Build.0 = Release|Any CPU
		{849B9B4A-FA7F-4141-8B6B-C34588B828C8}.Debug|Any CPU.ActiveCfg = Debug|Any CPU
		{849B9B4A-FA7F-4141-8B6B-C34588B828C8}.Debug|Any CPU.Build.0 = Debug|Any CPU
		{849B9B4A-FA7F-4141-8B6B-C34588B828C8}.Release|Any CPU.ActiveCfg = Release|Any CPU
		{849B9B4A-FA7F-4141-8B6B-C34588B828C8}.Release|Any CPU.Build.0 = Release|Any CPU
		{3A21C6A8-1537-407F-9596-EBF205961E0D}.Debug|Any CPU.ActiveCfg = Debug|Any CPU
		{3A21C6A8-1537-407F-9596-EBF205961E0D}.Debug|Any CPU.Build.0 = Debug|Any CPU
		{3A21C6A8-1537-407F-9596-EBF205961E0D}.Release|Any CPU.ActiveCfg = Release|Any CPU
		{3A21C6A8-1537-407F-9596-EBF205961E0D}.Release|Any CPU.Build.0 = Release|Any CPU
		{EE260715-7A6F-4A86-A4B7-DC306F59559D}.Debug|Any CPU.ActiveCfg = Debug|Any CPU
		{EE260715-7A6F-4A86-A4B7-DC306F59559D}.Debug|Any CPU.Build.0 = Debug|Any CPU
		{EE260715-7A6F-4A86-A4B7-DC306F59559D}.Release|Any CPU.ActiveCfg = Release|Any CPU
		{EE260715-7A6F-4A86-A4B7-DC306F59559D}.Release|Any CPU.Build.0 = Release|Any CPU
	EndGlobalSection
	GlobalSection(SolutionProperties) = preSolution
		HideSolutionNode = FALSE
	EndGlobalSection
	GlobalSection(ExtensibilityGlobals) = postSolution
		SolutionGuid = {B6EA4864-2471-48AC-A4F4-0501070F32E8}
	EndGlobalSection
EndGlobal
